
Microsoft Visual Studio Solution File, Format Version 12.00
# Visual Studio 2015
Project("{FAE04EC0-301F-11D3-BF4B-00C04F79EFBC}") = "Project_mp3.CSharp", "Project_mp3.CSharp.csproj", "{4FBC1CDC-FD7B-B38D-E3F7-BEB38F821446}"
EndProject
Project("{FAE04EC0-301F-11D3-BF4B-00C04F79EFBC}") = "Project_mp3.CSharp.Editor", "Project_mp3.CSharp.Editor.csproj", "{F567BE05-1FC2-3F0E-9A36-47A947436AC5}"
EndProject
Global
	GlobalSection(SolutionConfigurationPlatforms) = preSolution
		Debug|Any CPU = Debug|Any CPU
		Release|Any CPU = Release|Any CPU
	EndGlobalSection
	GlobalSection(ProjectConfigurationPlatforms) = postSolution
		{4FBC1CDC-FD7B-B38D-E3F7-BEB38F821446}.Debug|Any CPU.ActiveCfg = Debug|Any CPU
		{4FBC1CDC-FD7B-B38D-E3F7-BEB38F821446}.Debug|Any CPU.Build.0 = Debug|Any CPU
		{4FBC1CDC-FD7B-B38D-E3F7-BEB38F821446}.Release|Any CPU.ActiveCfg = Release|Any CPU
		{4FBC1CDC-FD7B-B38D-E3F7-BEB38F821446}.Release|Any CPU.Build.0 = Release|Any CPU
		{F567BE05-1FC2-3F0E-9A36-47A947436AC5}.Debug|Any CPU.ActiveCfg = Debug|Any CPU
		{F567BE05-1FC2-3F0E-9A36-47A947436AC5}.Debug|Any CPU.Build.0 = Debug|Any CPU
		{F567BE05-1FC2-3F0E-9A36-47A947436AC5}.Release|Any CPU.ActiveCfg = Release|Any CPU
		{F567BE05-1FC2-3F0E-9A36-47A947436AC5}.Release|Any CPU.Build.0 = Release|Any CPU
	EndGlobalSection
	GlobalSection(SolutionProperties) = preSolution
		HideSolutionNode = FALSE
	EndGlobalSection
EndGlobal
